// !$*UTF8*$!
{
	archiveVersion = 1;
	classes = {
	};
	objectVersion = 50;
	objects = {

/* Begin PBXBuildFile section */
		491BFB592297E7DD006A2971 /* UIView+Extensions.swift in Sources */ = {isa = PBXBuildFile; fileRef = 491BFB582297E7DD006A2971 /* UIView+Extensions.swift */; };
		491BFB5A2297E7E1006A2971 /* UIView+Extensions.swift in Sources */ = {isa = PBXBuildFile; fileRef = 491BFB582297E7DD006A2971 /* UIView+Extensions.swift */; };
		494B238F229312FC00C4F778 /* BillboardableNode.swift in Sources */ = {isa = PBXBuildFile; fileRef = 494B238E229312FC00C4F778 /* BillboardableNode.swift */; };
		495028452292BF5D0001E7E3 /* BeaconNode.swift in Sources */ = {isa = PBXBuildFile; fileRef = 495028442292BF5D0001E7E3 /* BeaconNode.swift */; };
		495028472292D2DD0001E7E3 /* SCNVector3+Extensions.swift in Sources */ = {isa = PBXBuildFile; fileRef = 495028462292D2DD0001E7E3 /* SCNVector3+Extensions.swift */; };
		495028492292D34D0001E7E3 /* ScaleNode.swift in Sources */ = {isa = PBXBuildFile; fileRef = 495028482292D34D0001E7E3 /* ScaleNode.swift */; };
		4950284B2292EA810001E7E3 /* SCNNode+Extensions.swift in Sources */ = {isa = PBXBuildFile; fileRef = 4950284A2292EA810001E7E3 /* SCNNode+Extensions.swift */; };
		4950284D2292EF670001E7E3 /* ScalingInterfaceNode.swift in Sources */ = {isa = PBXBuildFile; fileRef = 4950284C2292EF670001E7E3 /* ScalingInterfaceNode.swift */; };
		49A0321A2289E96100FE1D39 /* AppDelegate.swift in Sources */ = {isa = PBXBuildFile; fileRef = 49A032192289E96100FE1D39 /* AppDelegate.swift */; };
		49A0321E2289E96100FE1D39 /* SimViewController.swift in Sources */ = {isa = PBXBuildFile; fileRef = 49A0321D2289E96100FE1D39 /* SimViewController.swift */; };
		49A032232289E96300FE1D39 /* Assets.xcassets in Resources */ = {isa = PBXBuildFile; fileRef = 49A032222289E96300FE1D39 /* Assets.xcassets */; };
		49A032262289E96300FE1D39 /* LaunchScreen.storyboard in Resources */ = {isa = PBXBuildFile; fileRef = 49A032242289E96300FE1D39 /* LaunchScreen.storyboard */; };
		49A0322E2289FCF000FE1D39 /* FloatingPoint+Extensions.swift in Sources */ = {isa = PBXBuildFile; fileRef = 49A0322D2289FCF000FE1D39 /* FloatingPoint+Extensions.swift */; };
		49C7ECBB22945CFC00D39B19 /* CGPoint+Extensions.swift in Sources */ = {isa = PBXBuildFile; fileRef = 49C7ECBA22945CFC00D39B19 /* CGPoint+Extensions.swift */; };
		49C7ECDB2294A7EF00D39B19 /* DetailView.swift in Sources */ = {isa = PBXBuildFile; fileRef = 49C7ECDA2294A7EF00D39B19 /* DetailView.swift */; };
		49C840C0229BF104000807E1 /* BillboardNode.swift in Sources */ = {isa = PBXBuildFile; fileRef = 49C840BF229BF104000807E1 /* BillboardNode.swift */; };
		49C840C1229BF104000807E1 /* BillboardNode.swift in Sources */ = {isa = PBXBuildFile; fileRef = 49C840BF229BF104000807E1 /* BillboardNode.swift */; };
		49D74C592296AB1300EDBDF9 /* AppDelegate.swift in Sources */ = {isa = PBXBuildFile; fileRef = 49D74C582296AB1300EDBDF9 /* AppDelegate.swift */; };
		49D74C5B2296AB1300EDBDF9 /* LiveViewController.swift in Sources */ = {isa = PBXBuildFile; fileRef = 49D74C5A2296AB1300EDBDF9 /* LiveViewController.swift */; };
		49D74C5E2296AB1300EDBDF9 /* Main.storyboard in Resources */ = {isa = PBXBuildFile; fileRef = 49D74C5C2296AB1300EDBDF9 /* Main.storyboard */; };
		49D74C602296AB1500EDBDF9 /* Assets.xcassets in Resources */ = {isa = PBXBuildFile; fileRef = 49D74C5F2296AB1500EDBDF9 /* Assets.xcassets */; };
		49D74C632296AB1500EDBDF9 /* LaunchScreen.storyboard in Resources */ = {isa = PBXBuildFile; fileRef = 49D74C612296AB1500EDBDF9 /* LaunchScreen.storyboard */; };
		49D74C682296AB8900EDBDF9 /* FloatingPoint+Extensions.swift in Sources */ = {isa = PBXBuildFile; fileRef = 49A0322D2289FCF000FE1D39 /* FloatingPoint+Extensions.swift */; };
		49D74C692296AB8900EDBDF9 /* CGPoint+Extensions.swift in Sources */ = {isa = PBXBuildFile; fileRef = 49C7ECBA22945CFC00D39B19 /* CGPoint+Extensions.swift */; };
		49D74C6A2296AB8900EDBDF9 /* SCNNode+Extensions.swift in Sources */ = {isa = PBXBuildFile; fileRef = 4950284A2292EA810001E7E3 /* SCNNode+Extensions.swift */; };
		49D74C6B2296AB8900EDBDF9 /* SCNVector3+Extensions.swift in Sources */ = {isa = PBXBuildFile; fileRef = 495028462292D2DD0001E7E3 /* SCNVector3+Extensions.swift */; };
		49D74C6C2296AB8900EDBDF9 /* Beacon.swift in Sources */ = {isa = PBXBuildFile; fileRef = 49E8FD7C22968D2600F3AE3A /* Beacon.swift */; };
		49D74C6D2296AB8900EDBDF9 /* BeaconFocus.swift in Sources */ = {isa = PBXBuildFile; fileRef = 49E8FD7E22968D3800F3AE3A /* BeaconFocus.swift */; };
		49D74C6E2296AB8900EDBDF9 /* BeaconNode.swift in Sources */ = {isa = PBXBuildFile; fileRef = 495028442292BF5D0001E7E3 /* BeaconNode.swift */; };
		49D74C6F2296AB8900EDBDF9 /* ScaleNode.swift in Sources */ = {isa = PBXBuildFile; fileRef = 495028482292D34D0001E7E3 /* ScaleNode.swift */; };
		49D74C702296AB8900EDBDF9 /* ScalingInterfaceNode.swift in Sources */ = {isa = PBXBuildFile; fileRef = 4950284C2292EF670001E7E3 /* ScalingInterfaceNode.swift */; };
		49D74C712296AB8900EDBDF9 /* BillboardableNode.swift in Sources */ = {isa = PBXBuildFile; fileRef = 494B238E229312FC00C4F778 /* BillboardableNode.swift */; };
		49D74C722296AB8900EDBDF9 /* BillboardInterfaceNode.swift in Sources */ = {isa = PBXBuildFile; fileRef = 49E8FD7A22968D0E00F3AE3A /* BillboardInterfaceNode.swift */; };
		49D74C732296AB8900EDBDF9 /* Artwork.swift in Sources */ = {isa = PBXBuildFile; fileRef = 49E8FD8022968DAC00F3AE3A /* Artwork.swift */; };
		49D74C742296AB8900EDBDF9 /* ARArtView.swift in Sources */ = {isa = PBXBuildFile; fileRef = 49E8FD78229688A600F3AE3A /* ARArtView.swift */; };
		49D74C752296AB8900EDBDF9 /* DetailView.swift in Sources */ = {isa = PBXBuildFile; fileRef = 49C7ECDA2294A7EF00D39B19 /* DetailView.swift */; };
		49E8FD79229688A600F3AE3A /* ARArtView.swift in Sources */ = {isa = PBXBuildFile; fileRef = 49E8FD78229688A600F3AE3A /* ARArtView.swift */; };
		49E8FD7B22968D0E00F3AE3A /* BillboardInterfaceNode.swift in Sources */ = {isa = PBXBuildFile; fileRef = 49E8FD7A22968D0E00F3AE3A /* BillboardInterfaceNode.swift */; };
		49E8FD7D22968D2600F3AE3A /* Beacon.swift in Sources */ = {isa = PBXBuildFile; fileRef = 49E8FD7C22968D2600F3AE3A /* Beacon.swift */; };
		49E8FD7F22968D3800F3AE3A /* BeaconFocus.swift in Sources */ = {isa = PBXBuildFile; fileRef = 49E8FD7E22968D3800F3AE3A /* BeaconFocus.swift */; };
		49E8FD8122968DAC00F3AE3A /* Artwork.swift in Sources */ = {isa = PBXBuildFile; fileRef = 49E8FD8022968DAC00F3AE3A /* Artwork.swift */; };
/* End PBXBuildFile section */

/* Begin PBXFileReference section */
		491BFB582297E7DD006A2971 /* UIView+Extensions.swift */ = {isa = PBXFileReference; lastKnownFileType = sourcecode.swift; path = "UIView+Extensions.swift"; sourceTree = "<group>"; };
		494B238E229312FC00C4F778 /* BillboardableNode.swift */ = {isa = PBXFileReference; lastKnownFileType = sourcecode.swift; path = BillboardableNode.swift; sourceTree = "<group>"; };
		495028442292BF5D0001E7E3 /* BeaconNode.swift */ = {isa = PBXFileReference; lastKnownFileType = sourcecode.swift; path = BeaconNode.swift; sourceTree = "<group>"; };
		495028462292D2DD0001E7E3 /* SCNVector3+Extensions.swift */ = {isa = PBXFileReference; lastKnownFileType = sourcecode.swift; path = "SCNVector3+Extensions.swift"; sourceTree = "<group>"; };
		495028482292D34D0001E7E3 /* ScaleNode.swift */ = {isa = PBXFileReference; lastKnownFileType = sourcecode.swift; path = ScaleNode.swift; sourceTree = "<group>"; };
		4950284A2292EA810001E7E3 /* SCNNode+Extensions.swift */ = {isa = PBXFileReference; lastKnownFileType = sourcecode.swift; path = "SCNNode+Extensions.swift"; sourceTree = "<group>"; };
		4950284C2292EF670001E7E3 /* ScalingInterfaceNode.swift */ = {isa = PBXFileReference; lastKnownFileType = sourcecode.swift; path = ScalingInterfaceNode.swift; sourceTree = "<group>"; };
		49A032162289E96100FE1D39 /* MuseumARSim.app */ = {isa = PBXFileReference; explicitFileType = wrapper.application; includeInIndex = 0; path = MuseumARSim.app; sourceTree = BUILT_PRODUCTS_DIR; };
		49A032192289E96100FE1D39 /* AppDelegate.swift */ = {isa = PBXFileReference; lastKnownFileType = sourcecode.swift; path = AppDelegate.swift; sourceTree = "<group>"; };
		49A0321D2289E96100FE1D39 /* SimViewController.swift */ = {isa = PBXFileReference; lastKnownFileType = sourcecode.swift; path = SimViewController.swift; sourceTree = "<group>"; };
		49A032222289E96300FE1D39 /* Assets.xcassets */ = {isa = PBXFileReference; lastKnownFileType = folder.assetcatalog; path = Assets.xcassets; sourceTree = "<group>"; };
		49A032252289E96300FE1D39 /* Base */ = {isa = PBXFileReference; lastKnownFileType = file.storyboard; name = Base; path = Base.lproj/LaunchScreen.storyboard; sourceTree = "<group>"; };
		49A032272289E96300FE1D39 /* Info.plist */ = {isa = PBXFileReference; lastKnownFileType = text.plist.xml; path = Info.plist; sourceTree = "<group>"; };
		49A0322D2289FCF000FE1D39 /* FloatingPoint+Extensions.swift */ = {isa = PBXFileReference; lastKnownFileType = sourcecode.swift; path = "FloatingPoint+Extensions.swift"; sourceTree = "<group>"; };
		49C7ECBA22945CFC00D39B19 /* CGPoint+Extensions.swift */ = {isa = PBXFileReference; lastKnownFileType = sourcecode.swift; path = "CGPoint+Extensions.swift"; sourceTree = "<group>"; };
		49C7ECDA2294A7EF00D39B19 /* DetailView.swift */ = {isa = PBXFileReference; lastKnownFileType = sourcecode.swift; path = DetailView.swift; sourceTree = "<group>"; };
		49C840BF229BF104000807E1 /* BillboardNode.swift */ = {isa = PBXFileReference; lastKnownFileType = sourcecode.swift; path = BillboardNode.swift; sourceTree = "<group>"; };
		49D74C562296AB1300EDBDF9 /* MuseumARLive.app */ = {isa = PBXFileReference; explicitFileType = wrapper.application; includeInIndex = 0; path = MuseumARLive.app; sourceTree = BUILT_PRODUCTS_DIR; };
		49D74C582296AB1300EDBDF9 /* AppDelegate.swift */ = {isa = PBXFileReference; lastKnownFileType = sourcecode.swift; path = AppDelegate.swift; sourceTree = "<group>"; };
		49D74C5A2296AB1300EDBDF9 /* LiveViewController.swift */ = {isa = PBXFileReference; lastKnownFileType = sourcecode.swift; path = LiveViewController.swift; sourceTree = "<group>"; };
		49D74C5D2296AB1300EDBDF9 /* Base */ = {isa = PBXFileReference; lastKnownFileType = file.storyboard; name = Base; path = Base.lproj/Main.storyboard; sourceTree = "<group>"; };
		49D74C5F2296AB1500EDBDF9 /* Assets.xcassets */ = {isa = PBXFileReference; lastKnownFileType = folder.assetcatalog; path = Assets.xcassets; sourceTree = "<group>"; };
		49D74C622296AB1500EDBDF9 /* Base */ = {isa = PBXFileReference; lastKnownFileType = file.storyboard; name = Base; path = Base.lproj/LaunchScreen.storyboard; sourceTree = "<group>"; };
		49D74C642296AB1500EDBDF9 /* Info.plist */ = {isa = PBXFileReference; lastKnownFileType = text.plist.xml; path = Info.plist; sourceTree = "<group>"; };
		49E8FD78229688A600F3AE3A /* ARArtView.swift */ = {isa = PBXFileReference; lastKnownFileType = sourcecode.swift; path = ARArtView.swift; sourceTree = "<group>"; };
		49E8FD7A22968D0E00F3AE3A /* BillboardInterfaceNode.swift */ = {isa = PBXFileReference; lastKnownFileType = sourcecode.swift; path = BillboardInterfaceNode.swift; sourceTree = "<group>"; };
		49E8FD7C22968D2600F3AE3A /* Beacon.swift */ = {isa = PBXFileReference; lastKnownFileType = sourcecode.swift; path = Beacon.swift; sourceTree = "<group>"; };
		49E8FD7E22968D3800F3AE3A /* BeaconFocus.swift */ = {isa = PBXFileReference; lastKnownFileType = sourcecode.swift; path = BeaconFocus.swift; sourceTree = "<group>"; };
		49E8FD8022968DAC00F3AE3A /* Artwork.swift */ = {isa = PBXFileReference; lastKnownFileType = sourcecode.swift; path = Artwork.swift; sourceTree = "<group>"; };
/* End PBXFileReference section */

/* Begin PBXFrameworksBuildPhase section */
		49A032132289E96100FE1D39 /* Frameworks */ = {
			isa = PBXFrameworksBuildPhase;
			buildActionMask = 2147483647;
			files = (
			);
			runOnlyForDeploymentPostprocessing = 0;
		};
		49D74C532296AB1300EDBDF9 /* Frameworks */ = {
			isa = PBXFrameworksBuildPhase;
			buildActionMask = 2147483647;
			files = (
			);
			runOnlyForDeploymentPostprocessing = 0;
		};
/* End PBXFrameworksBuildPhase section */

/* Begin PBXGroup section */
		49A0320D2289E96100FE1D39 = {
			isa = PBXGroup;
			children = (
				49A0322F2289FCF600FE1D39 /* Source */,
				49A032182289E96100FE1D39 /* MuseumAR */,
				49D74C572296AB1300EDBDF9 /* MuseumARLive */,
				49A032172289E96100FE1D39 /* Products */,
			);
			sourceTree = "<group>";
		};
		49A032172289E96100FE1D39 /* Products */ = {
			isa = PBXGroup;
			children = (
				49A032162289E96100FE1D39 /* MuseumARSim.app */,
				49D74C562296AB1300EDBDF9 /* MuseumARLive.app */,
			);
			name = Products;
			sourceTree = "<group>";
		};
		49A032182289E96100FE1D39 /* MuseumAR */ = {
			isa = PBXGroup;
			children = (
				49A032192289E96100FE1D39 /* AppDelegate.swift */,
				49A0321D2289E96100FE1D39 /* SimViewController.swift */,
				49A032222289E96300FE1D39 /* Assets.xcassets */,
				49A032242289E96300FE1D39 /* LaunchScreen.storyboard */,
				49A032272289E96300FE1D39 /* Info.plist */,
			);
			path = MuseumAR;
			sourceTree = "<group>";
		};
		49A0322F2289FCF600FE1D39 /* Source */ = {
			isa = PBXGroup;
			children = (
				49A0322D2289FCF000FE1D39 /* FloatingPoint+Extensions.swift */,
				49C7ECBA22945CFC00D39B19 /* CGPoint+Extensions.swift */,
				4950284A2292EA810001E7E3 /* SCNNode+Extensions.swift */,
				495028462292D2DD0001E7E3 /* SCNVector3+Extensions.swift */,
				491BFB582297E7DD006A2971 /* UIView+Extensions.swift */,
				49E8FD7C22968D2600F3AE3A /* Beacon.swift */,
				49E8FD7E22968D3800F3AE3A /* BeaconFocus.swift */,
				495028442292BF5D0001E7E3 /* BeaconNode.swift */,
				495028482292D34D0001E7E3 /* ScaleNode.swift */,
				4950284C2292EF670001E7E3 /* ScalingInterfaceNode.swift */,
				494B238E229312FC00C4F778 /* BillboardableNode.swift */,
				49C840BF229BF104000807E1 /* BillboardNode.swift */,
				49E8FD7A22968D0E00F3AE3A /* BillboardInterfaceNode.swift */,
				49E8FD8022968DAC00F3AE3A /* Artwork.swift */,
				49E8FD78229688A600F3AE3A /* ARArtView.swift */,
				49C7ECDA2294A7EF00D39B19 /* DetailView.swift */,
			);
			path = Source;
			sourceTree = "<group>";
		};
		49D74C572296AB1300EDBDF9 /* MuseumARLive */ = {
			isa = PBXGroup;
			children = (
				49D74C582296AB1300EDBDF9 /* AppDelegate.swift */,
				49D74C5A2296AB1300EDBDF9 /* LiveViewController.swift */,
				49D74C5C2296AB1300EDBDF9 /* Main.storyboard */,
				49D74C5F2296AB1500EDBDF9 /* Assets.xcassets */,
				49D74C612296AB1500EDBDF9 /* LaunchScreen.storyboard */,
				49D74C642296AB1500EDBDF9 /* Info.plist */,
			);
			path = MuseumARLive;
			sourceTree = "<group>";
		};
/* End PBXGroup section */

/* Begin PBXNativeTarget section */
		49A032152289E96100FE1D39 /* MuseumARSim */ = {
			isa = PBXNativeTarget;
			buildConfigurationList = 49A0322A2289E96300FE1D39 /* Build configuration list for PBXNativeTarget "MuseumARSim" */;
			buildPhases = (
				49A032122289E96100FE1D39 /* Sources */,
				49A032132289E96100FE1D39 /* Frameworks */,
				49A032142289E96100FE1D39 /* Resources */,
			);
			buildRules = (
			);
			dependencies = (
			);
			name = MuseumARSim;
			productName = MuseumAR;
			productReference = 49A032162289E96100FE1D39 /* MuseumARSim.app */;
			productType = "com.apple.product-type.application";
		};
		49D74C552296AB1300EDBDF9 /* MuseumARLive */ = {
			isa = PBXNativeTarget;
			buildConfigurationList = 49D74C652296AB1500EDBDF9 /* Build configuration list for PBXNativeTarget "MuseumARLive" */;
			buildPhases = (
				49D74C522296AB1300EDBDF9 /* Sources */,
				49D74C532296AB1300EDBDF9 /* Frameworks */,
				49D74C542296AB1300EDBDF9 /* Resources */,
			);
			buildRules = (
			);
			dependencies = (
			);
			name = MuseumARLive;
			productName = MuseumARLive;
			productReference = 49D74C562296AB1300EDBDF9 /* MuseumARLive.app */;
			productType = "com.apple.product-type.application";
		};
/* End PBXNativeTarget section */

/* Begin PBXProject section */
		49A0320E2289E96100FE1D39 /* Project object */ = {
			isa = PBXProject;
			attributes = {
				LastSwiftUpdateCheck = 1020;
				LastUpgradeCheck = 1020;
				ORGANIZATIONNAME = "Dent Reality";
				TargetAttributes = {
					49A032152289E96100FE1D39 = {
						CreatedOnToolsVersion = 10.2.1;
					};
					49D74C552296AB1300EDBDF9 = {
						CreatedOnToolsVersion = 10.2.1;
					};
				};
			};
			buildConfigurationList = 49A032112289E96100FE1D39 /* Build configuration list for PBXProject "MuseumAR" */;
			compatibilityVersion = "Xcode 9.3";
			developmentRegion = en;
			hasScannedForEncodings = 0;
			knownRegions = (
				en,
				Base,
			);
			mainGroup = 49A0320D2289E96100FE1D39;
			productRefGroup = 49A032172289E96100FE1D39 /* Products */;
			projectDirPath = "";
			projectRoot = "";
			targets = (
				49A032152289E96100FE1D39 /* MuseumARSim */,
				49D74C552296AB1300EDBDF9 /* MuseumARLive */,
			);
		};
/* End PBXProject section */

/* Begin PBXResourcesBuildPhase section */
		49A032142289E96100FE1D39 /* Resources */ = {
			isa = PBXResourcesBuildPhase;
			buildActionMask = 2147483647;
			files = (
				49A032262289E96300FE1D39 /* LaunchScreen.storyboard in Resources */,
				49A032232289E96300FE1D39 /* Assets.xcassets in Resources */,
			);
			runOnlyForDeploymentPostprocessing = 0;
		};
		49D74C542296AB1300EDBDF9 /* Resources */ = {
			isa = PBXResourcesBuildPhase;
			buildActionMask = 2147483647;
			files = (
				49D74C632296AB1500EDBDF9 /* LaunchScreen.storyboard in Resources */,
				49D74C602296AB1500EDBDF9 /* Assets.xcassets in Resources */,
				49D74C5E2296AB1300EDBDF9 /* Main.storyboard in Resources */,
			);
			runOnlyForDeploymentPostprocessing = 0;
		};
/* End PBXResourcesBuildPhase section */

/* Begin PBXSourcesBuildPhase section */
		49A032122289E96100FE1D39 /* Sources */ = {
			isa = PBXSourcesBuildPhase;
			buildActionMask = 2147483647;
			files = (
				4950284B2292EA810001E7E3 /* SCNNode+Extensions.swift in Sources */,
				49C7ECDB2294A7EF00D39B19 /* DetailView.swift in Sources */,
				49E8FD7D22968D2600F3AE3A /* Beacon.swift in Sources */,
				49C840C0229BF104000807E1 /* BillboardNode.swift in Sources */,
				49A0321E2289E96100FE1D39 /* SimViewController.swift in Sources */,
				49E8FD7F22968D3800F3AE3A /* BeaconFocus.swift in Sources */,
				49E8FD79229688A600F3AE3A /* ARArtView.swift in Sources */,
				491BFB592297E7DD006A2971 /* UIView+Extensions.swift in Sources */,
				495028492292D34D0001E7E3 /* ScaleNode.swift in Sources */,
				495028472292D2DD0001E7E3 /* SCNVector3+Extensions.swift in Sources */,
				49E8FD8122968DAC00F3AE3A /* Artwork.swift in Sources */,
				49A0322E2289FCF000FE1D39 /* FloatingPoint+Extensions.swift in Sources */,
				49A0321A2289E96100FE1D39 /* AppDelegate.swift in Sources */,
				495028452292BF5D0001E7E3 /* BeaconNode.swift in Sources */,
				49E8FD7B22968D0E00F3AE3A /* BillboardInterfaceNode.swift in Sources */,
				49C7ECBB22945CFC00D39B19 /* CGPoint+Extensions.swift in Sources */,
				494B238F229312FC00C4F778 /* BillboardableNode.swift in Sources */,
				4950284D2292EF670001E7E3 /* ScalingInterfaceNode.swift in Sources */,
			);
			runOnlyForDeploymentPostprocessing = 0;
		};
		49D74C522296AB1300EDBDF9 /* Sources */ = {
			isa = PBXSourcesBuildPhase;
			buildActionMask = 2147483647;
			files = (
				49D74C682296AB8900EDBDF9 /* FloatingPoint+Extensions.swift in Sources */,
				49D74C692296AB8900EDBDF9 /* CGPoint+Extensions.swift in Sources */,
				49D74C6A2296AB8900EDBDF9 /* SCNNode+Extensions.swift in Sources */,
				49C840C1229BF104000807E1 /* BillboardNode.swift in Sources */,
				49D74C6B2296AB8900EDBDF9 /* SCNVector3+Extensions.swift in Sources */,
				49D74C6C2296AB8900EDBDF9 /* Beacon.swift in Sources */,
				49D74C6D2296AB8900EDBDF9 /* BeaconFocus.swift in Sources */,
				491BFB5A2297E7E1006A2971 /* UIView+Extensions.swift in Sources */,
				49D74C6E2296AB8900EDBDF9 /* BeaconNode.swift in Sources */,
				49D74C6F2296AB8900EDBDF9 /* ScaleNode.swift in Sources */,
				49D74C702296AB8900EDBDF9 /* ScalingInterfaceNode.swift in Sources */,
				49D74C712296AB8900EDBDF9 /* BillboardableNode.swift in Sources */,
				49D74C722296AB8900EDBDF9 /* BillboardInterfaceNode.swift in Sources */,
				49D74C732296AB8900EDBDF9 /* Artwork.swift in Sources */,
				49D74C742296AB8900EDBDF9 /* ARArtView.swift in Sources */,
				49D74C752296AB8900EDBDF9 /* DetailView.swift in Sources */,
				49D74C5B2296AB1300EDBDF9 /* LiveViewController.swift in Sources */,
				49D74C592296AB1300EDBDF9 /* AppDelegate.swift in Sources */,
			);
			runOnlyForDeploymentPostprocessing = 0;
		};
/* End PBXSourcesBuildPhase section */

/* Begin PBXVariantGroup section */
		49A032242289E96300FE1D39 /* LaunchScreen.storyboard */ = {
			isa = PBXVariantGroup;
			children = (
				49A032252289E96300FE1D39 /* Base */,
			);
			name = LaunchScreen.storyboard;
			sourceTree = "<group>";
		};
		49D74C5C2296AB1300EDBDF9 /* Main.storyboard */ = {
			isa = PBXVariantGroup;
			children = (
				49D74C5D2296AB1300EDBDF9 /* Base */,
			);
			name = Main.storyboard;
			sourceTree = "<group>";
		};
		49D74C612296AB1500EDBDF9 /* LaunchScreen.storyboard */ = {
			isa = PBXVariantGroup;
			children = (
				49D74C622296AB1500EDBDF9 /* Base */,
			);
			name = LaunchScreen.storyboard;
			sourceTree = "<group>";
		};
/* End PBXVariantGroup section */

/* Begin XCBuildConfiguration section */
		49A032282289E96300FE1D39 /* Debug */ = {
			isa = XCBuildConfiguration;
			buildSettings = {
				ALWAYS_SEARCH_USER_PATHS = NO;
				CLANG_ANALYZER_NONNULL = YES;
				CLANG_ANALYZER_NUMBER_OBJECT_CONVERSION = YES_AGGRESSIVE;
				CLANG_CXX_LANGUAGE_STANDARD = "gnu++14";
				CLANG_CXX_LIBRARY = "libc++";
				CLANG_ENABLE_MODULES = YES;
				CLANG_ENABLE_OBJC_ARC = YES;
				CLANG_ENABLE_OBJC_WEAK = YES;
				CLANG_WARN_BLOCK_CAPTURE_AUTORELEASING = YES;
				CLANG_WARN_BOOL_CONVERSION = YES;
				CLANG_WARN_COMMA = YES;
				CLANG_WARN_CONSTANT_CONVERSION = YES;
				CLANG_WARN_DEPRECATED_OBJC_IMPLEMENTATIONS = YES;
				CLANG_WARN_DIRECT_OBJC_ISA_USAGE = YES_ERROR;
				CLANG_WARN_DOCUMENTATION_COMMENTS = YES;
				CLANG_WARN_EMPTY_BODY = YES;
				CLANG_WARN_ENUM_CONVERSION = YES;
				CLANG_WARN_INFINITE_RECURSION = YES;
				CLANG_WARN_INT_CONVERSION = YES;
				CLANG_WARN_NON_LITERAL_NULL_CONVERSION = YES;
				CLANG_WARN_OBJC_IMPLICIT_RETAIN_SELF = YES;
				CLANG_WARN_OBJC_LITERAL_CONVERSION = YES;
				CLANG_WARN_OBJC_ROOT_CLASS = YES_ERROR;
				CLANG_WARN_RANGE_LOOP_ANALYSIS = YES;
				CLANG_WARN_STRICT_PROTOTYPES = YES;
				CLANG_WARN_SUSPICIOUS_MOVE = YES;
				CLANG_WARN_UNGUARDED_AVAILABILITY = YES_AGGRESSIVE;
				CLANG_WARN_UNREACHABLE_CODE = YES;
				CLANG_WARN__DUPLICATE_METHOD_MATCH = YES;
				CODE_SIGN_IDENTITY = "iPhone Developer";
				COPY_PHASE_STRIP = NO;
				DEBUG_INFORMATION_FORMAT = dwarf;
				ENABLE_STRICT_OBJC_MSGSEND = YES;
				ENABLE_TESTABILITY = YES;
				GCC_C_LANGUAGE_STANDARD = gnu11;
				GCC_DYNAMIC_NO_PIC = NO;
				GCC_NO_COMMON_BLOCKS = YES;
				GCC_OPTIMIZATION_LEVEL = 0;
				GCC_PREPROCESSOR_DEFINITIONS = (
					"DEBUG=1",
					"$(inherited)",
				);
				GCC_WARN_64_TO_32_BIT_CONVERSION = YES;
				GCC_WARN_ABOUT_RETURN_TYPE = YES_ERROR;
				GCC_WARN_UNDECLARED_SELECTOR = YES;
				GCC_WARN_UNINITIALIZED_AUTOS = YES_AGGRESSIVE;
				GCC_WARN_UNUSED_FUNCTION = YES;
				GCC_WARN_UNUSED_VARIABLE = YES;
				IPHONEOS_DEPLOYMENT_TARGET = 12.2;
				MTL_ENABLE_DEBUG_INFO = INCLUDE_SOURCE;
				MTL_FAST_MATH = YES;
				ONLY_ACTIVE_ARCH = YES;
				SDKROOT = iphoneos;
				SWIFT_ACTIVE_COMPILATION_CONDITIONS = DEBUG;
				SWIFT_OPTIMIZATION_LEVEL = "-Onone";
			};
			name = Debug;
		};
		49A032292289E96300FE1D39 /* Release */ = {
			isa = XCBuildConfiguration;
			buildSettings = {
				ALWAYS_SEARCH_USER_PATHS = NO;
				CLANG_ANALYZER_NONNULL = YES;
				CLANG_ANALYZER_NUMBER_OBJECT_CONVERSION = YES_AGGRESSIVE;
				CLANG_CXX_LANGUAGE_STANDARD = "gnu++14";
				CLANG_CXX_LIBRARY = "libc++";
				CLANG_ENABLE_MODULES = YES;
				CLANG_ENABLE_OBJC_ARC = YES;
				CLANG_ENABLE_OBJC_WEAK = YES;
				CLANG_WARN_BLOCK_CAPTURE_AUTORELEASING = YES;
				CLANG_WARN_BOOL_CONVERSION = YES;
				CLANG_WARN_COMMA = YES;
				CLANG_WARN_CONSTANT_CONVERSION = YES;
				CLANG_WARN_DEPRECATED_OBJC_IMPLEMENTATIONS = YES;
				CLANG_WARN_DIRECT_OBJC_ISA_USAGE = YES_ERROR;
				CLANG_WARN_DOCUMENTATION_COMMENTS = YES;
				CLANG_WARN_EMPTY_BODY = YES;
				CLANG_WARN_ENUM_CONVERSION = YES;
				CLANG_WARN_INFINITE_RECURSION = YES;
				CLANG_WARN_INT_CONVERSION = YES;
				CLANG_WARN_NON_LITERAL_NULL_CONVERSION = YES;
				CLANG_WARN_OBJC_IMPLICIT_RETAIN_SELF = YES;
				CLANG_WARN_OBJC_LITERAL_CONVERSION = YES;
				CLANG_WARN_OBJC_ROOT_CLASS = YES_ERROR;
				CLANG_WARN_RANGE_LOOP_ANALYSIS = YES;
				CLANG_WARN_STRICT_PROTOTYPES = YES;
				CLANG_WARN_SUSPICIOUS_MOVE = YES;
				CLANG_WARN_UNGUARDED_AVAILABILITY = YES_AGGRESSIVE;
				CLANG_WARN_UNREACHABLE_CODE = YES;
				CLANG_WARN__DUPLICATE_METHOD_MATCH = YES;
				CODE_SIGN_IDENTITY = "iPhone Developer";
				COPY_PHASE_STRIP = NO;
				DEBUG_INFORMATION_FORMAT = "dwarf-with-dsym";
				ENABLE_NS_ASSERTIONS = NO;
				ENABLE_STRICT_OBJC_MSGSEND = YES;
				GCC_C_LANGUAGE_STANDARD = gnu11;
				GCC_NO_COMMON_BLOCKS = YES;
				GCC_WARN_64_TO_32_BIT_CONVERSION = YES;
				GCC_WARN_ABOUT_RETURN_TYPE = YES_ERROR;
				GCC_WARN_UNDECLARED_SELECTOR = YES;
				GCC_WARN_UNINITIALIZED_AUTOS = YES_AGGRESSIVE;
				GCC_WARN_UNUSED_FUNCTION = YES;
				GCC_WARN_UNUSED_VARIABLE = YES;
				IPHONEOS_DEPLOYMENT_TARGET = 12.2;
				MTL_ENABLE_DEBUG_INFO = NO;
				MTL_FAST_MATH = YES;
				SDKROOT = iphoneos;
				SWIFT_COMPILATION_MODE = wholemodule;
				SWIFT_OPTIMIZATION_LEVEL = "-O";
				VALIDATE_PRODUCT = YES;
			};
			name = Release;
		};
		49A0322B2289E96300FE1D39 /* Debug */ = {
			isa = XCBuildConfiguration;
			buildSettings = {
				ASSETCATALOG_COMPILER_APPICON_NAME = AppIcon;
				CODE_SIGN_STYLE = Automatic;
				DEVELOPMENT_TEAM = "";
				INFOPLIST_FILE = MuseumAR/Info.plist;
				LD_RUNPATH_SEARCH_PATHS = (
					"$(inherited)",
					"@executable_path/Frameworks",
				);
				PRODUCT_BUNDLE_IDENTIFIER = DentReality.MuseumAR;
				PRODUCT_NAME = "$(TARGET_NAME)";
				SWIFT_VERSION = 5.0;
				TARGETED_DEVICE_FAMILY = "1,2";
			};
			name = Debug;
		};
		49A0322C2289E96300FE1D39 /* Release */ = {
			isa = XCBuildConfiguration;
			buildSettings = {
				ASSETCATALOG_COMPILER_APPICON_NAME = AppIcon;
				CODE_SIGN_STYLE = Automatic;
				DEVELOPMENT_TEAM = "";
				INFOPLIST_FILE = MuseumAR/Info.plist;
				LD_RUNPATH_SEARCH_PATHS = (
					"$(inherited)",
					"@executable_path/Frameworks",
				);
				PRODUCT_BUNDLE_IDENTIFIER = DentReality.MuseumAR;
				PRODUCT_NAME = "$(TARGET_NAME)";
				SWIFT_VERSION = 5.0;
				TARGETED_DEVICE_FAMILY = "1,2";
			};
			name = Release;
		};
		49D74C662296AB1500EDBDF9 /* Debug */ = {
			isa = XCBuildConfiguration;
			buildSettings = {
				ASSETCATALOG_COMPILER_APPICON_NAME = AppIcon;
				CODE_SIGN_STYLE = Automatic;
				DEVELOPMENT_TEAM = 344R59CSRM;
				INFOPLIST_FILE = MuseumARLive/Info.plist;
				LD_RUNPATH_SEARCH_PATHS = (
					"$(inherited)",
					"@executable_path/Frameworks",
				);
				PRODUCT_BUNDLE_IDENTIFIER = DentReality.MuseumARLive;
				PRODUCT_NAME = "$(TARGET_NAME)";
				SWIFT_VERSION = 5.0;
				TARGETED_DEVICE_FAMILY = "1,2";
			};
			name = Debug;
		};
		49D74C672296AB1500EDBDF9 /* Release */ = {
			isa = XCBuildConfiguration;
			buildSettings = {
				ASSETCATALOG_COMPILER_APPICON_NAME = AppIcon;
				CODE_SIGN_STYLE = Automatic;
				DEVELOPMENT_TEAM = 344R59CSRM;
				INFOPLIST_FILE = MuseumARLive/Info.plist;
				LD_RUNPATH_SEARCH_PATHS = (
					"$(inherited)",
					"@executable_path/Frameworks",
				);
				PRODUCT_BUNDLE_IDENTIFIER = DentReality.MuseumARLive;
				PRODUCT_NAME = "$(TARGET_NAME)";
				SWIFT_VERSION = 5.0;
				TARGETED_DEVICE_FAMILY = "1,2";
			};
			name = Release;
		};
/* End XCBuildConfiguration section */

/* Begin XCConfigurationList section */
		49A032112289E96100FE1D39 /* Build configuration list for PBXProject "MuseumAR" */ = {
			isa = XCConfigurationList;
			buildConfigurations = (
				49A032282289E96300FE1D39 /* Debug */,
				49A032292289E96300FE1D39 /* Release */,
			);
			defaultConfigurationIsVisible = 0;
			defaultConfigurationName = Release;
		};
		49A0322A2289E96300FE1D39 /* Build configuration list for PBXNativeTarget "MuseumARSim" */ = {
			isa = XCConfigurationList;
			buildConfigurations = (
				49A0322B2289E96300FE1D39 /* Debug */,
				49A0322C2289E96300FE1D39 /* Release */,
			);
			defaultConfigurationIsVisible = 0;
			defaultConfigurationName = Release;
		};
		49D74C652296AB1500EDBDF9 /* Build configuration list for PBXNativeTarget "MuseumARLive" */ = {
			isa = XCConfigurationList;
			buildConfigurations = (
				49D74C662296AB1500EDBDF9 /* Debug */,
				49D74C672296AB1500EDBDF9 /* Release */,
			);
			defaultConfigurationIsVisible = 0;
			defaultConfigurationName = Release;
		};
/* End XCConfigurationList section */
	};
	rootObject = 49A0320E2289E96100FE1D39 /* Project object */;
}
